
Microsoft Visual Studio Solution File, Format Version 12.00
# Visual Studio Version 17
VisualStudioVersion = 17.0.31903.59
MinimumVisualStudioVersion = 10.0.40219.1
Project("{FAE04EC0-301F-11D3-BF4B-00C04F79EFBC}") = "Assignment2", "Assignment2\Assignment2.csproj", "{03C8BACB-8420-447D-A697-F8C61933BEA9}"
EndProject
Project("{FAE04EC0-301F-11D3-BF4B-00C04F79EFBC}") = "Assignment2.Tests", "Assignment2.Tests\Assignment2.Tests.csproj", "{C2790BB6-6726-4158-A895-0E56F65A086A}"
EndProject
Project("{2150E333-8FDC-42A3-9474-1A3956D46DE8}") = "StudentLib", "StudentLib", "{0C9F79FE-57DC-4313-92EB-A04720B5C835}"
EndProject
Project("{FAE04EC0-301F-11D3-BF4B-00C04F79EFBC}") = "StudentLib", "StudentLib\StudentLib\StudentLib.csproj", "{184B3232-94D6-4390-A5EA-94AD0B47615D}"
EndProject
Global
	GlobalSection(SolutionConfigurationPlatforms) = preSolution
		Debug|Any CPU = Debug|Any CPU
		Release|Any CPU = Release|Any CPU
	EndGlobalSection
	GlobalSection(SolutionProperties) = preSolution
		HideSolutionNode = FALSE
	EndGlobalSection
	GlobalSection(ProjectConfigurationPlatforms) = postSolution
		{03C8BACB-8420-447D-A697-F8C61933BEA9}.Debug|Any CPU.ActiveCfg = Debug|Any CPU
		{03C8BACB-8420-447D-A697-F8C61933BEA9}.Debug|Any CPU.Build.0 = Debug|Any CPU
		{03C8BACB-8420-447D-A697-F8C61933BEA9}.Release|Any CPU.ActiveCfg = Release|Any CPU
		{03C8BACB-8420-447D-A697-F8C61933BEA9}.Release|Any CPU.Build.0 = Release|Any CPU
		{C2790BB6-6726-4158-A895-0E56F65A086A}.Debug|Any CPU.ActiveCfg = Debug|Any CPU
		{C2790BB6-6726-4158-A895-0E56F65A086A}.Debug|Any CPU.Build.0 = Debug|Any CPU
		{C2790BB6-6726-4158-A895-0E56F65A086A}.Release|Any CPU.ActiveCfg = Release|Any CPU
		{C2790BB6-6726-4158-A895-0E56F65A086A}.Release|Any CPU.Build.0 = Release|Any CPU
		{184B3232-94D6-4390-A5EA-94AD0B47615D}.Debug|Any CPU.ActiveCfg = Debug|Any CPU
		{184B3232-94D6-4390-A5EA-94AD0B47615D}.Debug|Any CPU.Build.0 = Debug|Any CPU
		{184B3232-94D6-4390-A5EA-94AD0B47615D}.Release|Any CPU.ActiveCfg = Release|Any CPU
		{184B3232-94D6-4390-A5EA-94AD0B47615D}.Release|Any CPU.Build.0 = Release|Any CPU
	EndGlobalSection
	GlobalSection(NestedProjects) = preSolution
		{184B3232-94D6-4390-A5EA-94AD0B47615D} = {0C9F79FE-57DC-4313-92EB-A04720B5C835}
	EndGlobalSection
EndGlobal
